
Microsoft Visual Studio Solution File, Format Version 11.00
# Visual Studio 2010
Project("{8BC9CEB8-8B4A-11D0-8D11-00A0C91BC942}") = "heartbeat", "yqdsurvey\yqdsurvey.vcxproj", "{3C3031B7-EC43-4A29-BA5E-DFA27490AAB1}"
EndProject
Project("{8BC9CEB8-8B4A-11D0-8D11-00A0C91BC942}") = "hbclient", "hbclient\hbclient.vcxproj", "{195890E8-3415-48E6-96E4-C85DA0C49EE1}"
EndProject
Project("{2150E333-8FDC-42A3-9474-1A3956D46DE8}") = "Solution Items", "Solution Items", "{D7D62D68-27F8-438F-9BD5-5E7A5A8B6827}"
	ProjectSection(SolutionItems) = preProject
		..\src\Makefile = ..\src\Makefile
	EndProjectSection
EndProject
Global
	GlobalSection(SolutionConfigurationPlatforms) = preSolution
		Debug|Win32 = Debug|Win32
		DebugStatic|Win32 = DebugStatic|Win32
		Release|Win32 = Release|Win32
		ReleaseStatic|Win32 = ReleaseStatic|Win32
	EndGlobalSection
	GlobalSection(ProjectConfigurationPlatforms) = postSolution
		{3C3031B7-EC43-4A29-BA5E-DFA27490AAB1}.Debug|Win32.ActiveCfg = Debug|Win32
		{3C3031B7-EC43-4A29-BA5E-DFA27490AAB1}.Debug|Win32.Build.0 = Debug|Win32
		{3C3031B7-EC43-4A29-BA5E-DFA27490AAB1}.DebugStatic|Win32.ActiveCfg = DebugStatic|Win32
		{3C3031B7-EC43-4A29-BA5E-DFA27490AAB1}.DebugStatic|Win32.Build.0 = DebugStatic|Win32
		{3C3031B7-EC43-4A29-BA5E-DFA27490AAB1}.Release|Win32.ActiveCfg = Release|Win32
		{3C3031B7-EC43-4A29-BA5E-DFA27490AAB1}.Release|Win32.Build.0 = Release|Win32
		{3C3031B7-EC43-4A29-BA5E-DFA27490AAB1}.ReleaseStatic|Win32.ActiveCfg = ReleaseStatic|Win32
		{3C3031B7-EC43-4A29-BA5E-DFA27490AAB1}.ReleaseStatic|Win32.Build.0 = ReleaseStatic|Win32
		{195890E8-3415-48E6-96E4-C85DA0C49EE1}.Debug|Win32.ActiveCfg = Debug|Win32
		{195890E8-3415-48E6-96E4-C85DA0C49EE1}.Debug|Win32.Build.0 = Debug|Win32
		{195890E8-3415-48E6-96E4-C85DA0C49EE1}.DebugStatic|Win32.ActiveCfg = Debug|Win32
		{195890E8-3415-48E6-96E4-C85DA0C49EE1}.DebugStatic|Win32.Build.0 = Debug|Win32
		{195890E8-3415-48E6-96E4-C85DA0C49EE1}.Release|Win32.ActiveCfg = Release|Win32
		{195890E8-3415-48E6-96E4-C85DA0C49EE1}.Release|Win32.Build.0 = Release|Win32
		{195890E8-3415-48E6-96E4-C85DA0C49EE1}.ReleaseStatic|Win32.ActiveCfg = Release|Win32
		{195890E8-3415-48E6-96E4-C85DA0C49EE1}.ReleaseStatic|Win32.Build.0 = Release|Win32
	EndGlobalSection
	GlobalSection(SolutionProperties) = preSolution
		HideSolutionNode = FALSE
	EndGlobalSection
EndGlobal
